
Microsoft Visual Studio Solution File, Format Version 12.00
# Visual Studio 15
VisualStudioVersion = 15.0.26730.16
MinimumVisualStudioVersion = 10.0.40219.1
Project("{FAE04EC0-301F-11D3-BF4B-00C04F79EFBC}") = "Functioner", "Functioner\Functioner.csproj", "{7A38EBF3-878D-4770-A402-913086D27714}"
EndProject
Project("{FAE04EC0-301F-11D3-BF4B-00C04F79EFBC}") = "Functioner.Tests", "Functioner.Tests\Functioner.Tests.csproj", "{5A76C49C-651D-4BD3-95FD-C5907C085A38}"
EndProject
Global
	GlobalSection(SolutionConfigurationPlatforms) = preSolution
		Debug|Any CPU = Debug|Any CPU
		Release|Any CPU = Release|Any CPU
	EndGlobalSection
	GlobalSection(ProjectConfigurationPlatforms) = postSolution
		{7A38EBF3-878D-4770-A402-913086D27714}.Debug|Any CPU.ActiveCfg = Debug|Any CPU
		{7A38EBF3-878D-4770-A402-913086D27714}.Debug|Any CPU.Build.0 = Debug|Any CPU
		{7A38EBF3-878D-4770-A402-913086D27714}.Release|Any CPU.ActiveCfg = Release|Any CPU
		{7A38EBF3-878D-4770-A402-913086D27714}.Release|Any CPU.Build.0 = Release|Any CPU
		{5A76C49C-651D-4BD3-95FD-C5907C085A38}.Debug|Any CPU.ActiveCfg = Debug|Any CPU
		{5A76C49C-651D-4BD3-95FD-C5907C085A38}.Debug|Any CPU.Build.0 = Debug|Any CPU
		{5A76C49C-651D-4BD3-95FD-C5907C085A38}.Release|Any CPU.ActiveCfg = Release|Any CPU
		{5A76C49C-651D-4BD3-95FD-C5907C085A38}.Release|Any CPU.Build.0 = Release|Any CPU
	EndGlobalSection
	GlobalSection(SolutionProperties) = preSolution
		HideSolutionNode = FALSE
	EndGlobalSection
	GlobalSection(ExtensibilityGlobals) = postSolution
		SolutionGuid = {FA495839-8A70-477F-AE22-ABD7BFCCA417}
	EndGlobalSection
EndGlobal
